
Microsoft Visual Studio Solution File, Format Version 12.00
# Visual Studio Version 17
VisualStudioVersion = 17.14.36511.14 d17.14
MinimumVisualStudioVersion = 10.0.40219.1
Project("{FAE04EC0-301F-11D3-BF4B-00C04F79EFBC}") = "Monitoramento Aeroespacial Agro", "Monitoramento Aeroespacial Agro\Monitoramento Aeroespacial Agro.csproj", "{305E74A9-EDBF-4D50-BAE4-A237D18A7BB7}"
EndProject
Global
	GlobalSection(SolutionConfigurationPlatforms) = preSolution
		Debug|Any CPU = Debug|Any CPU
		Release|Any CPU = Release|Any CPU
	EndGlobalSection
	GlobalSection(ProjectConfigurationPlatforms) = postSolution
		{305E74A9-EDBF-4D50-BAE4-A237D18A7BB7}.Debug|Any CPU.ActiveCfg = Debug|Any CPU
		{305E74A9-EDBF-4D50-BAE4-A237D18A7BB7}.Debug|Any CPU.Build.0 = Debug|Any CPU
		{305E74A9-EDBF-4D50-BAE4-A237D18A7BB7}.Release|Any CPU.ActiveCfg = Release|Any CPU
		{305E74A9-EDBF-4D50-BAE4-A237D18A7BB7}.Release|Any CPU.Build.0 = Release|Any CPU
	EndGlobalSection
	GlobalSection(SolutionProperties) = preSolution
		HideSolutionNode = FALSE
	EndGlobalSection
	GlobalSection(ExtensibilityGlobals) = postSolution
		SolutionGuid = {148E1B10-926B-4762-AFF3-D376D2EC58E0}
	EndGlobalSection
EndGlobal
